
Microsoft Visual Studio Solution File, Format Version 12.00
# Visual Studio Version 16
VisualStudioVersion = 16.0.31729.503
MinimumVisualStudioVersion = 10.0.40219.1
Project("{FAE04EC0-301F-11D3-BF4B-00C04F79EFBC}") = "Proiect Medii", "Proiect Medii\Proiect Medii.csproj", "{9FDEFC4E-A527-4D70-A5A1-C7FFD72A401E}"
EndProject
Global
	GlobalSection(SolutionConfigurationPlatforms) = preSolution
		Debug|Any CPU = Debug|Any CPU
		Release|Any CPU = Release|Any CPU
	EndGlobalSection
	GlobalSection(ProjectConfigurationPlatforms) = postSolution
		{9FDEFC4E-A527-4D70-A5A1-C7FFD72A401E}.Debug|Any CPU.ActiveCfg = Debug|Any CPU
		{9FDEFC4E-A527-4D70-A5A1-C7FFD72A401E}.Debug|Any CPU.Build.0 = Debug|Any CPU
		{9FDEFC4E-A527-4D70-A5A1-C7FFD72A401E}.Release|Any CPU.ActiveCfg = Release|Any CPU
		{9FDEFC4E-A527-4D70-A5A1-C7FFD72A401E}.Release|Any CPU.Build.0 = Release|Any CPU
	EndGlobalSection
	GlobalSection(SolutionProperties) = preSolution
		HideSolutionNode = FALSE
	EndGlobalSection
	GlobalSection(ExtensibilityGlobals) = postSolution
		SolutionGuid = {F0E41C03-6A22-4039-85EE-D44E8344A966}
	EndGlobalSection
EndGlobal
